# THIS IS AN AUTOGENERATED FILE. DO NOT EDIT THIS FILE DIRECTLY.
# yarn lockfile v1


bluebird@^3.5.5:
  version "3.5.5"
  resolved "https://registry.npmjs.org/bluebird/-/bluebird-3.5.5.tgz#a8d0afd73251effbbd5fe384a77d73003c17a71f"

bn.js@^4.11.8:
  version "4.11.8"
  resolved "https://registry.npmjs.org/bn.js/-/bn.js-4.11.8.tgz#2cde09eb5ee341f484746bb0309b3253b1b1442f"

double-ended-queue@^2.1.0-0:
  version "2.1.0-0"
  resolved "https://registry.npmjs.org/double-ended-queue/-/double-ended-queue-2.1.0-0.tgz#103d3527fd31528f40188130c841efdd78264e5c"

merge@^2.1.1:
  version "2.1.1"
  resolved "https://registry.yarnpkg.com/merge/-/merge-2.1.1.tgz#59ef4bf7e0b3e879186436e8481c06a6c162ca98"

redis-commands@^1.2.0:
  version "1.5.0"
  resolved "https://registry.npmjs.org/redis-commands/-/redis-commands-1.5.0.tgz#80d2e20698fe688f227127ff9e5164a7dd17e785"

redis-parser@^2.6.0:
  version "2.6.0"
  resolved "https://registry.npmjs.org/redis-parser/-/redis-parser-2.6.0.tgz#52ed09dacac108f1a631c07e9b69941e7a19504b"

redis@^2.8.0:
  version "2.8.0"
  resolved "https://registry.npmjs.org/redis/-/redis-2.8.0.tgz#202288e3f58c49f6079d97af7a10e1303ae14b02"
  dependencies:
    double-ended-queue "^2.1.0-0"
    redis-commands "^1.2.0"
    redis-parser "^2.6.0"
